
Microsoft Visual Studio Solution File, Format Version 12.00
# Visual Studio Version 16
VisualStudioVersion = 16.0.31729.503
MinimumVisualStudioVersion = 10.0.40219.1
Project("{FAE04EC0-301F-11D3-BF4B-00C04F79EFBC}") = "Assignment2", "Assignment2.csproj", "{F5592258-A2A2-413B-BDCA-5182CA432128}"
EndProject
Global
	GlobalSection(SolutionConfigurationPlatforms) = preSolution
		Debug|Any CPU = Debug|Any CPU
		Release|Any CPU = Release|Any CPU
	EndGlobalSection
	GlobalSection(ProjectConfigurationPlatforms) = postSolution
		{F5592258-A2A2-413B-BDCA-5182CA432128}.Debug|Any CPU.ActiveCfg = Debug|Any CPU
		{F5592258-A2A2-413B-BDCA-5182CA432128}.Debug|Any CPU.Build.0 = Debug|Any CPU
		{F5592258-A2A2-413B-BDCA-5182CA432128}.Release|Any CPU.ActiveCfg = Release|Any CPU
		{F5592258-A2A2-413B-BDCA-5182CA432128}.Release|Any CPU.Build.0 = Release|Any CPU
	EndGlobalSection
	GlobalSection(SolutionProperties) = preSolution
		HideSolutionNode = FALSE
	EndGlobalSection
	GlobalSection(ExtensibilityGlobals) = postSolution
		SolutionGuid = {DB337934-5FA8-47A2-8FE5-95B620CADE20}
	EndGlobalSection
EndGlobal
