
Microsoft Visual Studio Solution File, Format Version 12.00
# Visual Studio Version 16
VisualStudioVersion = 16.0.31729.503
MinimumVisualStudioVersion = 10.0.40219.1
Project("{FAE04EC0-301F-11D3-BF4B-00C04F79EFBC}") = "Assignment1", "Assignment1.csproj", "{460DDF3D-D291-40EA-BD9A-96D03F64D55B}"
EndProject
Global
	GlobalSection(SolutionConfigurationPlatforms) = preSolution
		Debug|Any CPU = Debug|Any CPU
		Release|Any CPU = Release|Any CPU
	EndGlobalSection
	GlobalSection(ProjectConfigurationPlatforms) = postSolution
		{460DDF3D-D291-40EA-BD9A-96D03F64D55B}.Debug|Any CPU.ActiveCfg = Debug|Any CPU
		{460DDF3D-D291-40EA-BD9A-96D03F64D55B}.Debug|Any CPU.Build.0 = Debug|Any CPU
		{460DDF3D-D291-40EA-BD9A-96D03F64D55B}.Release|Any CPU.ActiveCfg = Release|Any CPU
		{460DDF3D-D291-40EA-BD9A-96D03F64D55B}.Release|Any CPU.Build.0 = Release|Any CPU
	EndGlobalSection
	GlobalSection(SolutionProperties) = preSolution
		HideSolutionNode = FALSE
	EndGlobalSection
	GlobalSection(ExtensibilityGlobals) = postSolution
		SolutionGuid = {D14529E1-0C65-44BC-9C6A-8910599E8A73}
	EndGlobalSection
EndGlobal
